
Microsoft Visual Studio Solution File, Format Version 12.00
# Visual Studio Version 17
VisualStudioVersion = 17.8.34330.188
MinimumVisualStudioVersion = 10.0.40219.1
Project("{FAE04EC0-301F-11D3-BF4B-00C04F79EFBC}") = "Lopakodo", "Lopakodo\Lopakodo.csproj", "{7FB30883-3603-41EC-936F-C102E4D2D86E}"
EndProject
Project("{FAE04EC0-301F-11D3-BF4B-00C04F79EFBC}") = "UnitTest", "UnitTestProject2\UnitTest.csproj", "{ACBDB811-AE1E-4B15-BF95-D25BA3E34ACE}"
EndProject
Project("{FAE04EC0-301F-11D3-BF4B-00C04F79EFBC}") = "Persistence", "Persistence\Persistence.csproj", "{A830824E-42CA-4B24-A248-7D2B5FAB270F}"
EndProject
Project("{FAE04EC0-301F-11D3-BF4B-00C04F79EFBC}") = "Persistence.File", "Persistence.File\Persistence.File.csproj", "{2D141C40-4040-4F37-B030-667AE7195870}"
EndProject
Project("{FAE04EC0-301F-11D3-BF4B-00C04F79EFBC}") = "Persistence.db", "Persistencedb\Persistence.db.csproj", "{C75F6196-3A3C-40FC-99FF-4F8D855FCB23}"
EndProject
Global
	GlobalSection(SolutionConfigurationPlatforms) = preSolution
		Debug|Any CPU = Debug|Any CPU
		Debug|ARM = Debug|ARM
		Debug|x64 = Debug|x64
		Debug|x86 = Debug|x86
		Release|Any CPU = Release|Any CPU
		Release|ARM = Release|ARM
		Release|x64 = Release|x64
		Release|x86 = Release|x86
	EndGlobalSection
	GlobalSection(ProjectConfigurationPlatforms) = postSolution
		{7FB30883-3603-41EC-936F-C102E4D2D86E}.Debug|Any CPU.ActiveCfg = Debug|Any CPU
		{7FB30883-3603-41EC-936F-C102E4D2D86E}.Debug|Any CPU.Build.0 = Debug|Any CPU
		{7FB30883-3603-41EC-936F-C102E4D2D86E}.Debug|ARM.ActiveCfg = Debug|Any CPU
		{7FB30883-3603-41EC-936F-C102E4D2D86E}.Debug|ARM.Build.0 = Debug|Any CPU
		{7FB30883-3603-41EC-936F-C102E4D2D86E}.Debug|x64.ActiveCfg = Debug|Any CPU
		{7FB30883-3603-41EC-936F-C102E4D2D86E}.Debug|x64.Build.0 = Debug|Any CPU
		{7FB30883-3603-41EC-936F-C102E4D2D86E}.Debug|x86.ActiveCfg = Debug|Any CPU
		{7FB30883-3603-41EC-936F-C102E4D2D86E}.Debug|x86.Build.0 = Debug|Any CPU
		{7FB30883-3603-41EC-936F-C102E4D2D86E}.Release|Any CPU.ActiveCfg = Release|Any CPU
		{7FB30883-3603-41EC-936F-C102E4D2D86E}.Release|Any CPU.Build.0 = Release|Any CPU
		{7FB30883-3603-41EC-936F-C102E4D2D86E}.Release|ARM.ActiveCfg = Release|Any CPU
		{7FB30883-3603-41EC-936F-C102E4D2D86E}.Release|ARM.Build.0 = Release|Any CPU
		{7FB30883-3603-41EC-936F-C102E4D2D86E}.Release|x64.ActiveCfg = Release|Any CPU
		{7FB30883-3603-41EC-936F-C102E4D2D86E}.Release|x64.Build.0 = Release|Any CPU
		{7FB30883-3603-41EC-936F-C102E4D2D86E}.Release|x86.ActiveCfg = Release|Any CPU
		{7FB30883-3603-41EC-936F-C102E4D2D86E}.Release|x86.Build.0 = Release|Any CPU
		{ACBDB811-AE1E-4B15-BF95-D25BA3E34ACE}.Debug|Any CPU.ActiveCfg = Debug|Any CPU
		{ACBDB811-AE1E-4B15-BF95-D25BA3E34ACE}.Debug|ARM.ActiveCfg = Debug|Any CPU
		{ACBDB811-AE1E-4B15-BF95-D25BA3E34ACE}.Debug|ARM.Build.0 = Debug|Any CPU
		{ACBDB811-AE1E-4B15-BF95-D25BA3E34ACE}.Debug|x64.ActiveCfg = Debug|Any CPU
		{ACBDB811-AE1E-4B15-BF95-D25BA3E34ACE}.Debug|x64.Build.0 = Debug|Any CPU
		{ACBDB811-AE1E-4B15-BF95-D25BA3E34ACE}.Debug|x86.ActiveCfg = Debug|Any CPU
		{ACBDB811-AE1E-4B15-BF95-D25BA3E34ACE}.Debug|x86.Build.0 = Debug|Any CPU
		{ACBDB811-AE1E-4B15-BF95-D25BA3E34ACE}.Release|Any CPU.ActiveCfg = Release|Any CPU
		{ACBDB811-AE1E-4B15-BF95-D25BA3E34ACE}.Release|Any CPU.Build.0 = Release|Any CPU
		{ACBDB811-AE1E-4B15-BF95-D25BA3E34ACE}.Release|ARM.ActiveCfg = Release|Any CPU
		{ACBDB811-AE1E-4B15-BF95-D25BA3E34ACE}.Release|ARM.Build.0 = Release|Any CPU
		{ACBDB811-AE1E-4B15-BF95-D25BA3E34ACE}.Release|x64.ActiveCfg = Release|Any CPU
		{ACBDB811-AE1E-4B15-BF95-D25BA3E34ACE}.Release|x64.Build.0 = Release|Any CPU
		{ACBDB811-AE1E-4B15-BF95-D25BA3E34ACE}.Release|x86.ActiveCfg = Release|Any CPU
		{ACBDB811-AE1E-4B15-BF95-D25BA3E34ACE}.Release|x86.Build.0 = Release|Any CPU
		{A830824E-42CA-4B24-A248-7D2B5FAB270F}.Debug|Any CPU.ActiveCfg = Debug|Any CPU
		{A830824E-42CA-4B24-A248-7D2B5FAB270F}.Debug|Any CPU.Build.0 = Debug|Any CPU
		{A830824E-42CA-4B24-A248-7D2B5FAB270F}.Debug|ARM.ActiveCfg = Debug|Any CPU
		{A830824E-42CA-4B24-A248-7D2B5FAB270F}.Debug|ARM.Build.0 = Debug|Any CPU
		{A830824E-42CA-4B24-A248-7D2B5FAB270F}.Debug|x64.ActiveCfg = Debug|Any CPU
		{A830824E-42CA-4B24-A248-7D2B5FAB270F}.Debug|x64.Build.0 = Debug|Any CPU
		{A830824E-42CA-4B24-A248-7D2B5FAB270F}.Debug|x86.ActiveCfg = Debug|Any CPU
		{A830824E-42CA-4B24-A248-7D2B5FAB270F}.Debug|x86.Build.0 = Debug|Any CPU
		{A830824E-42CA-4B24-A248-7D2B5FAB270F}.Release|Any CPU.ActiveCfg = Release|Any CPU
		{A830824E-42CA-4B24-A248-7D2B5FAB270F}.Release|Any CPU.Build.0 = Release|Any CPU
		{A830824E-42CA-4B24-A248-7D2B5FAB270F}.Release|ARM.ActiveCfg = Release|Any CPU
		{A830824E-42CA-4B24-A248-7D2B5FAB270F}.Release|ARM.Build.0 = Release|Any CPU
		{A830824E-42CA-4B24-A248-7D2B5FAB270F}.Release|x64.ActiveCfg = Release|Any CPU
		{A830824E-42CA-4B24-A248-7D2B5FAB270F}.Release|x64.Build.0 = Release|Any CPU
		{A830824E-42CA-4B24-A248-7D2B5FAB270F}.Release|x86.ActiveCfg = Release|Any CPU
		{A830824E-42CA-4B24-A248-7D2B5FAB270F}.Release|x86.Build.0 = Release|Any CPU
		{2D141C40-4040-4F37-B030-667AE7195870}.Debug|Any CPU.ActiveCfg = Debug|Any CPU
		{2D141C40-4040-4F37-B030-667AE7195870}.Debug|ARM.ActiveCfg = Debug|Any CPU
		{2D141C40-4040-4F37-B030-667AE7195870}.Debug|ARM.Build.0 = Debug|Any CPU
		{2D141C40-4040-4F37-B030-667AE7195870}.Debug|x64.ActiveCfg = Debug|Any CPU
		{2D141C40-4040-4F37-B030-667AE7195870}.Debug|x64.Build.0 = Debug|Any CPU
		{2D141C40-4040-4F37-B030-667AE7195870}.Debug|x86.ActiveCfg = Debug|Any CPU
		{2D141C40-4040-4F37-B030-667AE7195870}.Debug|x86.Build.0 = Debug|Any CPU
		{2D141C40-4040-4F37-B030-667AE7195870}.Release|Any CPU.ActiveCfg = Release|Any CPU
		{2D141C40-4040-4F37-B030-667AE7195870}.Release|Any CPU.Build.0 = Release|Any CPU
		{2D141C40-4040-4F37-B030-667AE7195870}.Release|ARM.ActiveCfg = Release|Any CPU
		{2D141C40-4040-4F37-B030-667AE7195870}.Release|ARM.Build.0 = Release|Any CPU
		{2D141C40-4040-4F37-B030-667AE7195870}.Release|x64.ActiveCfg = Release|Any CPU
		{2D141C40-4040-4F37-B030-667AE7195870}.Release|x64.Build.0 = Release|Any CPU
		{2D141C40-4040-4F37-B030-667AE7195870}.Release|x86.ActiveCfg = Release|Any CPU
		{2D141C40-4040-4F37-B030-667AE7195870}.Release|x86.Build.0 = Release|Any CPU
		{C75F6196-3A3C-40FC-99FF-4F8D855FCB23}.Debug|Any CPU.ActiveCfg = Debug|Any CPU
		{C75F6196-3A3C-40FC-99FF-4F8D855FCB23}.Debug|Any CPU.Build.0 = Debug|Any CPU
		{C75F6196-3A3C-40FC-99FF-4F8D855FCB23}.Debug|ARM.ActiveCfg = Debug|Any CPU
		{C75F6196-3A3C-40FC-99FF-4F8D855FCB23}.Debug|ARM.Build.0 = Debug|Any CPU
		{C75F6196-3A3C-40FC-99FF-4F8D855FCB23}.Debug|x64.ActiveCfg = Debug|Any CPU
		{C75F6196-3A3C-40FC-99FF-4F8D855FCB23}.Debug|x64.Build.0 = Debug|Any CPU
		{C75F6196-3A3C-40FC-99FF-4F8D855FCB23}.Debug|x86.ActiveCfg = Debug|Any CPU
		{C75F6196-3A3C-40FC-99FF-4F8D855FCB23}.Debug|x86.Build.0 = Debug|Any CPU
		{C75F6196-3A3C-40FC-99FF-4F8D855FCB23}.Release|Any CPU.ActiveCfg = Release|Any CPU
		{C75F6196-3A3C-40FC-99FF-4F8D855FCB23}.Release|Any CPU.Build.0 = Release|Any CPU
		{C75F6196-3A3C-40FC-99FF-4F8D855FCB23}.Release|ARM.ActiveCfg = Release|Any CPU
		{C75F6196-3A3C-40FC-99FF-4F8D855FCB23}.Release|ARM.Build.0 = Release|Any CPU
		{C75F6196-3A3C-40FC-99FF-4F8D855FCB23}.Release|x64.ActiveCfg = Release|Any CPU
		{C75F6196-3A3C-40FC-99FF-4F8D855FCB23}.Release|x64.Build.0 = Release|Any CPU
		{C75F6196-3A3C-40FC-99FF-4F8D855FCB23}.Release|x86.ActiveCfg = Release|Any CPU
		{C75F6196-3A3C-40FC-99FF-4F8D855FCB23}.Release|x86.Build.0 = Release|Any CPU
	EndGlobalSection
	GlobalSection(SolutionProperties) = preSolution
		HideSolutionNode = FALSE
	EndGlobalSection
	GlobalSection(ExtensibilityGlobals) = postSolution
		SolutionGuid = {325363A1-A79C-41C6-A886-32BAA6959702}
	EndGlobalSection
EndGlobal
